
Microsoft Visual Studio Solution File, Format Version 12.00
# Visual Studio Version 16
VisualStudioVersion = 16.0.30413.136
MinimumVisualStudioVersion = 10.0.40219.1
Project("{FAE04EC0-301F-11D3-BF4B-00C04F79EFBC}") = "IMSApi", "IMSApi.csproj", "{5AD192C3-6FCE-47B3-BF9E-A2D361B5B142}"
EndProject
Global
	GlobalSection(SolutionConfigurationPlatforms) = preSolution
		Debug|Any CPU = Debug|Any CPU
		Release|Any CPU = Release|Any CPU
	EndGlobalSection
	GlobalSection(ProjectConfigurationPlatforms) = postSolution
		{5AD192C3-6FCE-47B3-BF9E-A2D361B5B142}.Debug|Any CPU.ActiveCfg = Debug|Any CPU
		{5AD192C3-6FCE-47B3-BF9E-A2D361B5B142}.Debug|Any CPU.Build.0 = Debug|Any CPU
		{5AD192C3-6FCE-47B3-BF9E-A2D361B5B142}.Release|Any CPU.ActiveCfg = Release|Any CPU
		{5AD192C3-6FCE-47B3-BF9E-A2D361B5B142}.Release|Any CPU.Build.0 = Release|Any CPU
	EndGlobalSection
	GlobalSection(SolutionProperties) = preSolution
		HideSolutionNode = FALSE
	EndGlobalSection
	GlobalSection(ExtensibilityGlobals) = postSolution
		SolutionGuid = {FDCF5213-2EC1-4265-9578-7ACB87373CCC}
	EndGlobalSection
EndGlobal
